
Microsoft Visual Studio Solution File, Format Version 12.00
# Visual Studio Version 16
VisualStudioVersion = 16.0.29503.13
MinimumVisualStudioVersion = 10.0.40219.1
Project("{FAE04EC0-301F-11D3-BF4B-00C04F79EFBC}") = "SportCompassRestApi", "SportCompassRestApi.csproj", "{51283428-8C29-42F1-9B50-9FD3DF2A3FD2}"
EndProject
Global
	GlobalSection(SolutionConfigurationPlatforms) = preSolution
		Debug|Any CPU = Debug|Any CPU
		Release|Any CPU = Release|Any CPU
	EndGlobalSection
	GlobalSection(ProjectConfigurationPlatforms) = postSolution
		{51283428-8C29-42F1-9B50-9FD3DF2A3FD2}.Debug|Any CPU.ActiveCfg = Debug|Any CPU
		{51283428-8C29-42F1-9B50-9FD3DF2A3FD2}.Debug|Any CPU.Build.0 = Debug|Any CPU
		{51283428-8C29-42F1-9B50-9FD3DF2A3FD2}.Release|Any CPU.ActiveCfg = Release|Any CPU
		{51283428-8C29-42F1-9B50-9FD3DF2A3FD2}.Release|Any CPU.Build.0 = Release|Any CPU
	EndGlobalSection
	GlobalSection(SolutionProperties) = preSolution
		HideSolutionNode = FALSE
	EndGlobalSection
	GlobalSection(ExtensibilityGlobals) = postSolution
		SolutionGuid = {FB6396FF-D5BF-46C3-9E82-152FD742CF4E}
	EndGlobalSection
EndGlobal
